
Microsoft Visual Studio Solution File, Format Version 12.00
# Visual Studio Express 14 for Web
VisualStudioVersion = 14.0.25420.1
MinimumVisualStudioVersion = 10.0.40219.1
Project("{FAE04EC0-301F-11D3-BF4B-00C04F79EFBC}") = "TestEngine", "TestEngine\TestEngine.csproj", "{515B5B2F-30C5-405F-8E2D-7197F71D6665}"
EndProject
Project("{FAE04EC0-301F-11D3-BF4B-00C04F79EFBC}") = "TestEngine.Logg", "TestEngine.Logg\TestEngine.Logg.csproj", "{73E10B26-86C0-4280-92F6-28D99B714FAD}"
EndProject
Project("{FAE04EC0-301F-11D3-BF4B-00C04F79EFBC}") = "TestEngine.Utility", "TestEngine.Utility\TestEngine.Utility.csproj", "{500A2D33-BDD0-4229-9CF1-C78D49476726}"
EndProject
Project("{FAE04EC0-301F-11D3-BF4B-00C04F79EFBC}") = "TestEngine.Business", "TestEngine.Business\TestEngine.Business.csproj", "{14EC8BF6-8502-4260-A0A7-E93F46AB0DAF}"
EndProject
Project("{FAE04EC0-301F-11D3-BF4B-00C04F79EFBC}") = "TestEngine.Models", "TestEngnie.Models\TestEngine.Models.csproj", "{C1DDE9EE-0050-4CD1-AA2F-3318FDB9BBF0}"
EndProject
Project("{FAE04EC0-301F-11D3-BF4B-00C04F79EFBC}") = "TestEngine.DataBase", "TestEngine.DataBase\TestEngine.DataBase.csproj", "{53FABFB1-7B35-41E0-BFD0-98862092DD47}"
EndProject
Global
	GlobalSection(SolutionConfigurationPlatforms) = preSolution
		Debug|Any CPU = Debug|Any CPU
		Release|Any CPU = Release|Any CPU
	EndGlobalSection
	GlobalSection(ProjectConfigurationPlatforms) = postSolution
		{515B5B2F-30C5-405F-8E2D-7197F71D6665}.Debug|Any CPU.ActiveCfg = Debug|Any CPU
		{515B5B2F-30C5-405F-8E2D-7197F71D6665}.Debug|Any CPU.Build.0 = Debug|Any CPU
		{515B5B2F-30C5-405F-8E2D-7197F71D6665}.Release|Any CPU.ActiveCfg = Release|Any CPU
		{515B5B2F-30C5-405F-8E2D-7197F71D6665}.Release|Any CPU.Build.0 = Release|Any CPU
		{73E10B26-86C0-4280-92F6-28D99B714FAD}.Debug|Any CPU.ActiveCfg = Debug|Any CPU
		{73E10B26-86C0-4280-92F6-28D99B714FAD}.Debug|Any CPU.Build.0 = Debug|Any CPU
		{73E10B26-86C0-4280-92F6-28D99B714FAD}.Release|Any CPU.ActiveCfg = Release|Any CPU
		{73E10B26-86C0-4280-92F6-28D99B714FAD}.Release|Any CPU.Build.0 = Release|Any CPU
		{500A2D33-BDD0-4229-9CF1-C78D49476726}.Debug|Any CPU.ActiveCfg = Debug|Any CPU
		{500A2D33-BDD0-4229-9CF1-C78D49476726}.Debug|Any CPU.Build.0 = Debug|Any CPU
		{500A2D33-BDD0-4229-9CF1-C78D49476726}.Release|Any CPU.ActiveCfg = Release|Any CPU
		{500A2D33-BDD0-4229-9CF1-C78D49476726}.Release|Any CPU.Build.0 = Release|Any CPU
		{14EC8BF6-8502-4260-A0A7-E93F46AB0DAF}.Debug|Any CPU.ActiveCfg = Debug|Any CPU
		{14EC8BF6-8502-4260-A0A7-E93F46AB0DAF}.Debug|Any CPU.Build.0 = Debug|Any CPU
		{14EC8BF6-8502-4260-A0A7-E93F46AB0DAF}.Release|Any CPU.ActiveCfg = Release|Any CPU
		{14EC8BF6-8502-4260-A0A7-E93F46AB0DAF}.Release|Any CPU.Build.0 = Release|Any CPU
		{C1DDE9EE-0050-4CD1-AA2F-3318FDB9BBF0}.Debug|Any CPU.ActiveCfg = Debug|Any CPU
		{C1DDE9EE-0050-4CD1-AA2F-3318FDB9BBF0}.Debug|Any CPU.Build.0 = Debug|Any CPU
		{C1DDE9EE-0050-4CD1-AA2F-3318FDB9BBF0}.Release|Any CPU.ActiveCfg = Release|Any CPU
		{C1DDE9EE-0050-4CD1-AA2F-3318FDB9BBF0}.Release|Any CPU.Build.0 = Release|Any CPU
		{53FABFB1-7B35-41E0-BFD0-98862092DD47}.Debug|Any CPU.ActiveCfg = Debug|Any CPU
		{53FABFB1-7B35-41E0-BFD0-98862092DD47}.Debug|Any CPU.Build.0 = Debug|Any CPU
		{53FABFB1-7B35-41E0-BFD0-98862092DD47}.Release|Any CPU.ActiveCfg = Release|Any CPU
		{53FABFB1-7B35-41E0-BFD0-98862092DD47}.Release|Any CPU.Build.0 = Release|Any CPU
	EndGlobalSection
	GlobalSection(SolutionProperties) = preSolution
		HideSolutionNode = FALSE
	EndGlobalSection
EndGlobal
